
Microsoft Visual Studio Solution File, Format Version 12.00
# Visual Studio Version 17
VisualStudioVersion = 17.9.34607.119
MinimumVisualStudioVersion = 10.0.40219.1
Project("{FAE04EC0-301F-11D3-BF4B-00C04F79EFBC}") = "FIA_Grupp2", "FIA_Grupp2.csproj", "{8A9012CA-062B-4F83-BAD5-1E8890481B90}"
EndProject
Global
	GlobalSection(SolutionConfigurationPlatforms) = preSolution
		Debug|ARM = Debug|ARM
		Debug|ARM64 = Debug|ARM64
		Debug|x64 = Debug|x64
		Debug|x86 = Debug|x86
		Release|ARM = Release|ARM
		Release|ARM64 = Release|ARM64
		Release|x64 = Release|x64
		Release|x86 = Release|x86
	EndGlobalSection
	GlobalSection(ProjectConfigurationPlatforms) = postSolution
		{8A9012CA-062B-4F83-BAD5-1E8890481B90}.Debug|ARM.ActiveCfg = Debug|ARM
		{8A9012CA-062B-4F83-BAD5-1E8890481B90}.Debug|ARM.Build.0 = Debug|ARM
		{8A9012CA-062B-4F83-BAD5-1E8890481B90}.Debug|ARM.Deploy.0 = Debug|ARM
		{8A9012CA-062B-4F83-BAD5-1E8890481B90}.Debug|ARM64.ActiveCfg = Debug|ARM64
		{8A9012CA-062B-4F83-BAD5-1E8890481B90}.Debug|ARM64.Build.0 = Debug|ARM64
		{8A9012CA-062B-4F83-BAD5-1E8890481B90}.Debug|ARM64.Deploy.0 = Debug|ARM64
		{8A9012CA-062B-4F83-BAD5-1E8890481B90}.Debug|x64.ActiveCfg = Debug|x64
		{8A9012CA-062B-4F83-BAD5-1E8890481B90}.Debug|x64.Build.0 = Debug|x64
		{8A9012CA-062B-4F83-BAD5-1E8890481B90}.Debug|x64.Deploy.0 = Debug|x64
		{8A9012CA-062B-4F83-BAD5-1E8890481B90}.Debug|x86.ActiveCfg = Debug|x86
		{8A9012CA-062B-4F83-BAD5-1E8890481B90}.Debug|x86.Build.0 = Debug|x86
		{8A9012CA-062B-4F83-BAD5-1E8890481B90}.Debug|x86.Deploy.0 = Debug|x86
		{8A9012CA-062B-4F83-BAD5-1E8890481B90}.Release|ARM.ActiveCfg = Release|ARM
		{8A9012CA-062B-4F83-BAD5-1E8890481B90}.Release|ARM.Build.0 = Release|ARM
		{8A9012CA-062B-4F83-BAD5-1E8890481B90}.Release|ARM.Deploy.0 = Release|ARM
		{8A9012CA-062B-4F83-BAD5-1E8890481B90}.Release|ARM64.ActiveCfg = Release|ARM64
		{8A9012CA-062B-4F83-BAD5-1E8890481B90}.Release|ARM64.Build.0 = Release|ARM64
		{8A9012CA-062B-4F83-BAD5-1E8890481B90}.Release|ARM64.Deploy.0 = Release|ARM64
		{8A9012CA-062B-4F83-BAD5-1E8890481B90}.Release|x64.ActiveCfg = Release|x64
		{8A9012CA-062B-4F83-BAD5-1E8890481B90}.Release|x64.Build.0 = Release|x64
		{8A9012CA-062B-4F83-BAD5-1E8890481B90}.Release|x64.Deploy.0 = Release|x64
		{8A9012CA-062B-4F83-BAD5-1E8890481B90}.Release|x86.ActiveCfg = Release|x86
		{8A9012CA-062B-4F83-BAD5-1E8890481B90}.Release|x86.Build.0 = Release|x86
		{8A9012CA-062B-4F83-BAD5-1E8890481B90}.Release|x86.Deploy.0 = Release|x86
	EndGlobalSection
	GlobalSection(SolutionProperties) = preSolution
		HideSolutionNode = FALSE
	EndGlobalSection
	GlobalSection(ExtensibilityGlobals) = postSolution
		SolutionGuid = {A1D44CC4-20ED-46BC-99DC-C775D813C27C}
	EndGlobalSection
EndGlobal
